
Microsoft Visual Studio Solution File, Format Version 12.00
# Visual Studio Version 16
VisualStudioVersion = 16.0.29728.190
MinimumVisualStudioVersion = 10.0.40219.1
Project("{9A19103F-16F7-4668-BE54-9A1E7A4F7556}") = "WebStore", "WebStore\WebStore.csproj", "{EF7CB863-51D6-4D12-B3FB-1839372AB191}"
EndProject
Project("{2150E333-8FDC-42A3-9474-1A3956D46DE8}") = "Common", "Common", "{19FFFE33-B1E2-416F-B774-8E1BB84711AE}"
EndProject
Project("{2150E333-8FDC-42A3-9474-1A3956D46DE8}") = "Services", "Services", "{057580A0-B358-4E18-BD94-D89D97302C59}"
EndProject
Project("{2150E333-8FDC-42A3-9474-1A3956D46DE8}") = "UI", "UI", "{6250CE1D-7F4A-4EE0-A71B-E3DB8286BC08}"
EndProject
Project("{FAE04EC0-301F-11D3-BF4B-00C04F79EFBC}") = "WebStore.DAL", "WebStore.DAL\WebStore.DAL.csproj", "{9C75D052-1CB8-4030-ADDE-C4D17F98170F}"
EndProject
Project("{FAE04EC0-301F-11D3-BF4B-00C04F79EFBC}") = "WebStore.Domain", "WebStore.Domains\WebStore.Domain.csproj", "{75921983-B927-42F9-A6C3-28D3E2DD613A}"
EndProject
Global
	GlobalSection(SolutionConfigurationPlatforms) = preSolution
		Debug|Any CPU = Debug|Any CPU
		Release|Any CPU = Release|Any CPU
	EndGlobalSection
	GlobalSection(ProjectConfigurationPlatforms) = postSolution
		{EF7CB863-51D6-4D12-B3FB-1839372AB191}.Debug|Any CPU.ActiveCfg = Debug|Any CPU
		{EF7CB863-51D6-4D12-B3FB-1839372AB191}.Debug|Any CPU.Build.0 = Debug|Any CPU
		{EF7CB863-51D6-4D12-B3FB-1839372AB191}.Release|Any CPU.ActiveCfg = Release|Any CPU
		{EF7CB863-51D6-4D12-B3FB-1839372AB191}.Release|Any CPU.Build.0 = Release|Any CPU
		{9C75D052-1CB8-4030-ADDE-C4D17F98170F}.Debug|Any CPU.ActiveCfg = Debug|Any CPU
		{9C75D052-1CB8-4030-ADDE-C4D17F98170F}.Debug|Any CPU.Build.0 = Debug|Any CPU
		{9C75D052-1CB8-4030-ADDE-C4D17F98170F}.Release|Any CPU.ActiveCfg = Release|Any CPU
		{9C75D052-1CB8-4030-ADDE-C4D17F98170F}.Release|Any CPU.Build.0 = Release|Any CPU
		{75921983-B927-42F9-A6C3-28D3E2DD613A}.Debug|Any CPU.ActiveCfg = Debug|Any CPU
		{75921983-B927-42F9-A6C3-28D3E2DD613A}.Debug|Any CPU.Build.0 = Debug|Any CPU
		{75921983-B927-42F9-A6C3-28D3E2DD613A}.Release|Any CPU.ActiveCfg = Release|Any CPU
		{75921983-B927-42F9-A6C3-28D3E2DD613A}.Release|Any CPU.Build.0 = Release|Any CPU
	EndGlobalSection
	GlobalSection(SolutionProperties) = preSolution
		HideSolutionNode = FALSE
	EndGlobalSection
	GlobalSection(NestedProjects) = preSolution
		{EF7CB863-51D6-4D12-B3FB-1839372AB191} = {6250CE1D-7F4A-4EE0-A71B-E3DB8286BC08}
		{9C75D052-1CB8-4030-ADDE-C4D17F98170F} = {057580A0-B358-4E18-BD94-D89D97302C59}
		{75921983-B927-42F9-A6C3-28D3E2DD613A} = {19FFFE33-B1E2-416F-B774-8E1BB84711AE}
	EndGlobalSection
	GlobalSection(ExtensibilityGlobals) = postSolution
		SolutionGuid = {A5F50637-DA56-48F3-866D-F473E5778987}
	EndGlobalSection
EndGlobal
